// !$*UTF8*$!
{
	archiveVersion = 1;
	classes = {
	};
	objectVersion = 56;
	objects = {

/* Begin PBXBuildFile section */
		2875FF4729B0996D0082D183 /* RecipesData.swift in Sources */ = {isa = PBXBuildFile; fileRef = 2875FF4529B0996D0082D183 /* RecipesData.swift */; };
		2875FF4829B0996D0082D183 /* RecipeModel.swift in Sources */ = {isa = PBXBuildFile; fileRef = 2875FF4629B0996D0082D183 /* RecipeModel.swift */; };
		2875FF5229B31B320082D183 /* CoreDataManager.swift in Sources */ = {isa = PBXBuildFile; fileRef = 2875FF5129B31B320082D183 /* CoreDataManager.swift */; };
		2875FF5629B34BBA0082D183 /* FavoriteDetailViewController.swift in Sources */ = {isa = PBXBuildFile; fileRef = 2875FF5529B34BBA0082D183 /* FavoriteDetailViewController.swift */; };
		28C5C5E329ADC5BA00AAE23B /* FavoriteViewController.swift in Sources */ = {isa = PBXBuildFile; fileRef = 28C5C5E229ADC5BA00AAE23B /* FavoriteViewController.swift */; };
		28C5C5E629ADCBD700AAE23B /* CellForFavorite.swift in Sources */ = {isa = PBXBuildFile; fileRef = 28C5C5E529ADCBD700AAE23B /* CellForFavorite.swift */; };
		28C5C60F29ADF76200AAE23B /* ChefsChoice.xcdatamodeld in Sources */ = {isa = PBXBuildFile; fileRef = 28C5C60D29ADF76100AAE23B /* ChefsChoice.xcdatamodeld */; };
		28C5C61029ADF7C200AAE23B /* CoreData.framework in Frameworks */ = {isa = PBXBuildFile; fileRef = 28C5C5E829ADF0F400AAE23B /* CoreData.framework */; };
		28C5C61529AF6C8A00AAE23B /* RecipeEntity.swift in Sources */ = {isa = PBXBuildFile; fileRef = 28C5C61429AF6C8A00AAE23B /* RecipeEntity.swift */; };
		5230E99029B2191500ED3AFF /* APIManager.swift in Sources */ = {isa = PBXBuildFile; fileRef = 5230E98F29B2191500ED3AFF /* APIManager.swift */; };
		806B326D29B10C1000B0DF56 /* OnboardingViewController.swift in Sources */ = {isa = PBXBuildFile; fileRef = 806B326C29B10C1000B0DF56 /* OnboardingViewController.swift */; };
		806B326F29B10C2100B0DF56 /* DetailViewController.swift in Sources */ = {isa = PBXBuildFile; fileRef = 806B326E29B10C2100B0DF56 /* DetailViewController.swift */; };
		806B327229B113FD00B0DF56 /* SearchVC.swift in Sources */ = {isa = PBXBuildFile; fileRef = 806B327029B113FC00B0DF56 /* SearchVC.swift */; };
		806B327329B113FD00B0DF56 /* RecipeTableViewCell.swift in Sources */ = {isa = PBXBuildFile; fileRef = 806B327129B113FD00B0DF56 /* RecipeTableViewCell.swift */; };
		80C5986A29ABF987007D1518 /* AppDelegate.swift in Sources */ = {isa = PBXBuildFile; fileRef = 80C5986929ABF987007D1518 /* AppDelegate.swift */; };
		80C5986E29ABF987007D1518 /* MainTabBarController.swift in Sources */ = {isa = PBXBuildFile; fileRef = 80C5986D29ABF987007D1518 /* MainTabBarController.swift */; };
		80C5987329ABF988007D1518 /* Assets.xcassets in Resources */ = {isa = PBXBuildFile; fileRef = 80C5987229ABF988007D1518 /* Assets.xcassets */; };
		80C5987629ABF988007D1518 /* LaunchScreen.storyboard in Resources */ = {isa = PBXBuildFile; fileRef = 80C5987429ABF988007D1518 /* LaunchScreen.storyboard */; };
		80C5988329ABFCD7007D1518 /* README.md in Resources */ = {isa = PBXBuildFile; fileRef = 80C5988229ABFCD7007D1518 /* README.md */; };
		80D3C1FF29B0C31600C3B171 /* CategoryCollectionViewCell.swift in Sources */ = {isa = PBXBuildFile; fileRef = 80D3C1F729B0C31600C3B171 /* CategoryCollectionViewCell.swift */; };
		80D3C20029B0C31600C3B171 /* RandomCollectionViewCell.swift in Sources */ = {isa = PBXBuildFile; fileRef = 80D3C1F829B0C31600C3B171 /* RandomCollectionViewCell.swift */; };
		80D3C20129B0C31600C3B171 /* PopularCollectionViewCell.swift in Sources */ = {isa = PBXBuildFile; fileRef = 80D3C1F929B0C31600C3B171 /* PopularCollectionViewCell.swift */; };
		80D3C20229B0C31600C3B171 /* HeaderSupplementaryView.swift in Sources */ = {isa = PBXBuildFile; fileRef = 80D3C1FA29B0C31600C3B171 /* HeaderSupplementaryView.swift */; };
		80D3C20429B0C31600C3B171 /* RecipesViewController.swift in Sources */ = {isa = PBXBuildFile; fileRef = 80D3C1FC29B0C31600C3B171 /* RecipesViewController.swift */; };
		80D3C20529B0C31600C3B171 /* MockData.swift in Sources */ = {isa = PBXBuildFile; fileRef = 80D3C1FD29B0C31600C3B171 /* MockData.swift */; };
		80D3C20629B0C31600C3B171 /* SectionList.swift in Sources */ = {isa = PBXBuildFile; fileRef = 80D3C1FE29B0C31600C3B171 /* SectionList.swift */; };
/* End PBXBuildFile section */

/* Begin PBXFileReference section */
		2875FF4529B0996D0082D183 /* RecipesData.swift */ = {isa = PBXFileReference; fileEncoding = 4; lastKnownFileType = sourcecode.swift; path = RecipesData.swift; sourceTree = "<group>"; };
		2875FF4629B0996D0082D183 /* RecipeModel.swift */ = {isa = PBXFileReference; fileEncoding = 4; lastKnownFileType = sourcecode.swift; path = RecipeModel.swift; sourceTree = "<group>"; };
		2875FF5129B31B320082D183 /* CoreDataManager.swift */ = {isa = PBXFileReference; lastKnownFileType = sourcecode.swift; path = CoreDataManager.swift; sourceTree = "<group>"; };
		2875FF5529B34BBA0082D183 /* FavoriteDetailViewController.swift */ = {isa = PBXFileReference; lastKnownFileType = sourcecode.swift; path = FavoriteDetailViewController.swift; sourceTree = "<group>"; };
		28C5C5E229ADC5BA00AAE23B /* FavoriteViewController.swift */ = {isa = PBXFileReference; lastKnownFileType = sourcecode.swift; path = FavoriteViewController.swift; sourceTree = "<group>"; };
		28C5C5E529ADCBD700AAE23B /* CellForFavorite.swift */ = {isa = PBXFileReference; lastKnownFileType = sourcecode.swift; path = CellForFavorite.swift; sourceTree = "<group>"; };
		28C5C5E829ADF0F400AAE23B /* CoreData.framework */ = {isa = PBXFileReference; lastKnownFileType = wrapper.framework; name = CoreData.framework; path = System/Library/Frameworks/CoreData.framework; sourceTree = SDKROOT; };
		28C5C60E29ADF76100AAE23B /* ChefsChoice.xcdatamodel */ = {isa = PBXFileReference; lastKnownFileType = wrapper.xcdatamodel; path = ChefsChoice.xcdatamodel; sourceTree = "<group>"; };
		28C5C61429AF6C8A00AAE23B /* RecipeEntity.swift */ = {isa = PBXFileReference; lastKnownFileType = sourcecode.swift; path = RecipeEntity.swift; sourceTree = "<group>"; };
		5230E98F29B2191500ED3AFF /* APIManager.swift */ = {isa = PBXFileReference; lastKnownFileType = sourcecode.swift; path = APIManager.swift; sourceTree = "<group>"; };
		806B326C29B10C1000B0DF56 /* OnboardingViewController.swift */ = {isa = PBXFileReference; fileEncoding = 4; lastKnownFileType = sourcecode.swift; path = OnboardingViewController.swift; sourceTree = "<group>"; };
		806B326E29B10C2100B0DF56 /* DetailViewController.swift */ = {isa = PBXFileReference; fileEncoding = 4; lastKnownFileType = sourcecode.swift; path = DetailViewController.swift; sourceTree = "<group>"; };
		806B327029B113FC00B0DF56 /* SearchVC.swift */ = {isa = PBXFileReference; fileEncoding = 4; lastKnownFileType = sourcecode.swift; path = SearchVC.swift; sourceTree = "<group>"; };
		806B327129B113FD00B0DF56 /* RecipeTableViewCell.swift */ = {isa = PBXFileReference; fileEncoding = 4; lastKnownFileType = sourcecode.swift; path = RecipeTableViewCell.swift; sourceTree = "<group>"; };
		80C5986629ABF987007D1518 /* ChefsChoice.app */ = {isa = PBXFileReference; explicitFileType = wrapper.application; includeInIndex = 0; path = ChefsChoice.app; sourceTree = BUILT_PRODUCTS_DIR; };
		80C5986929ABF987007D1518 /* AppDelegate.swift */ = {isa = PBXFileReference; lastKnownFileType = sourcecode.swift; path = AppDelegate.swift; sourceTree = "<group>"; };
		80C5986D29ABF987007D1518 /* MainTabBarController.swift */ = {isa = PBXFileReference; lastKnownFileType = sourcecode.swift; path = MainTabBarController.swift; sourceTree = "<group>"; };
		80C5987229ABF988007D1518 /* Assets.xcassets */ = {isa = PBXFileReference; lastKnownFileType = folder.assetcatalog; path = Assets.xcassets; sourceTree = "<group>"; };
		80C5987529ABF988007D1518 /* Base */ = {isa = PBXFileReference; lastKnownFileType = file.storyboard; name = Base; path = Base.lproj/LaunchScreen.storyboard; sourceTree = "<group>"; };
		80C5987729ABF988007D1518 /* Info.plist */ = {isa = PBXFileReference; lastKnownFileType = text.plist.xml; path = Info.plist; sourceTree = "<group>"; };
		80C5988229ABFCD7007D1518 /* README.md */ = {isa = PBXFileReference; fileEncoding = 4; lastKnownFileType = net.daringfireball.markdown; path = README.md; sourceTree = "<group>"; };
		80D3C1F729B0C31600C3B171 /* CategoryCollectionViewCell.swift */ = {isa = PBXFileReference; fileEncoding = 4; lastKnownFileType = sourcecode.swift; path = CategoryCollectionViewCell.swift; sourceTree = "<group>"; };
		80D3C1F829B0C31600C3B171 /* RandomCollectionViewCell.swift */ = {isa = PBXFileReference; fileEncoding = 4; lastKnownFileType = sourcecode.swift; path = RandomCollectionViewCell.swift; sourceTree = "<group>"; };
		80D3C1F929B0C31600C3B171 /* PopularCollectionViewCell.swift */ = {isa = PBXFileReference; fileEncoding = 4; lastKnownFileType = sourcecode.swift; path = PopularCollectionViewCell.swift; sourceTree = "<group>"; };
		80D3C1FA29B0C31600C3B171 /* HeaderSupplementaryView.swift */ = {isa = PBXFileReference; fileEncoding = 4; lastKnownFileType = sourcecode.swift; path = HeaderSupplementaryView.swift; sourceTree = "<group>"; };
		80D3C1FC29B0C31600C3B171 /* RecipesViewController.swift */ = {isa = PBXFileReference; fileEncoding = 4; lastKnownFileType = sourcecode.swift; path = RecipesViewController.swift; sourceTree = "<group>"; };
		80D3C1FD29B0C31600C3B171 /* MockData.swift */ = {isa = PBXFileReference; fileEncoding = 4; lastKnownFileType = sourcecode.swift; path = MockData.swift; sourceTree = "<group>"; };
		80D3C1FE29B0C31600C3B171 /* SectionList.swift */ = {isa = PBXFileReference; fileEncoding = 4; lastKnownFileType = sourcecode.swift; path = SectionList.swift; sourceTree = "<group>"; };
/* End PBXFileReference section */

/* Begin PBXFrameworksBuildPhase section */
		80C5986329ABF987007D1518 /* Frameworks */ = {
			isa = PBXFrameworksBuildPhase;
			buildActionMask = 2147483647;
			files = (
				28C5C61029ADF7C200AAE23B /* CoreData.framework in Frameworks */,
			);
			runOnlyForDeploymentPostprocessing = 0;
		};
/* End PBXFrameworksBuildPhase section */

/* Begin PBXGroup section */
		2875FF4129B0995D0082D183 /* API Client */ = {
			isa = PBXGroup;
			children = (
				5230E98F29B2191500ED3AFF /* APIManager.swift */,
			);
			path = "API Client";
			sourceTree = "<group>";
		};
		2875FF4429B0996D0082D183 /* Models */ = {
			isa = PBXGroup;
			children = (
				2875FF4529B0996D0082D183 /* RecipesData.swift */,
				2875FF4629B0996D0082D183 /* RecipeModel.swift */,
			);
			path = Models;
			sourceTree = "<group>";
		};
		28C5C5E429ADC9FC00AAE23B /* Cell */ = {
			isa = PBXGroup;
			children = (
				28C5C5E529ADCBD700AAE23B /* CellForFavorite.swift */,
			);
			path = Cell;
			sourceTree = "<group>";
		};
		28C5C5E729ADF0F400AAE23B /* Frameworks */ = {
			isa = PBXGroup;
			children = (
				28C5C5E829ADF0F400AAE23B /* CoreData.framework */,
			);
			name = Frameworks;
			sourceTree = "<group>";
		};
		28C5C61329AF6C6400AAE23B /* CoreDataModule */ = {
			isa = PBXGroup;
			children = (
				28C5C61429AF6C8A00AAE23B /* RecipeEntity.swift */,
				2875FF5129B31B320082D183 /* CoreDataManager.swift */,
			);
			path = CoreDataModule;
			sourceTree = "<group>";
		};
		80682F4329AD00AE00640388 /* Modules */ = {
			isa = PBXGroup;
			children = (
				806B326A29B10BDF00B0DF56 /* OnboardingModule */,
				28C5C61329AF6C6400AAE23B /* CoreDataModule */,
				80C5987F29ABFABC007D1518 /* MainTabBarModule */,
				80682F4429AD00C000640388 /* RecipesModule */,
				806B326B29B10BE700B0DF56 /* DetailModule */,
				80682F4529AD00DB00640388 /* SearchModule */,
				80682F4629AD00EE00640388 /* FavoriteModule */,
			);
			path = Modules;
			sourceTree = "<group>";
		};
		80682F4429AD00C000640388 /* RecipesModule */ = {
			isa = PBXGroup;
			children = (
				806BBF8429B0C67400243E32 /* Views */,
				806BBF8329B0C66F00243E32 /* Controllers */,
				80D3C1FD29B0C31600C3B171 /* MockData.swift */,
				80D3C1FC29B0C31600C3B171 /* RecipesViewController.swift */,
				80D3C1FE29B0C31600C3B171 /* SectionList.swift */,
			);
			path = RecipesModule;
			sourceTree = "<group>";
		};
		80682F4529AD00DB00640388 /* SearchModule */ = {
			isa = PBXGroup;
			children = (
				806B327129B113FD00B0DF56 /* RecipeTableViewCell.swift */,
				806B327029B113FC00B0DF56 /* SearchVC.swift */,
			);
			path = SearchModule;
			sourceTree = "<group>";
		};
		80682F4629AD00EE00640388 /* FavoriteModule */ = {
			isa = PBXGroup;
			children = (
				28C5C5E429ADC9FC00AAE23B /* Cell */,
				28C5C5E229ADC5BA00AAE23B /* FavoriteViewController.swift */,
				2875FF5529B34BBA0082D183 /* FavoriteDetailViewController.swift */,
			);
			path = FavoriteModule;
			sourceTree = "<group>";
		};
		806B326A29B10BDF00B0DF56 /* OnboardingModule */ = {
			isa = PBXGroup;
			children = (
				806B326C29B10C1000B0DF56 /* OnboardingViewController.swift */,
			);
			path = OnboardingModule;
			sourceTree = "<group>";
		};
		806B326B29B10BE700B0DF56 /* DetailModule */ = {
			isa = PBXGroup;
			children = (
				806B326E29B10C2100B0DF56 /* DetailViewController.swift */,
			);
			path = DetailModule;
			sourceTree = "<group>";
		};
		806BBF8329B0C66F00243E32 /* Controllers */ = {
			isa = PBXGroup;
			children = (
			);
			path = Controllers;
			sourceTree = "<group>";
		};
		806BBF8429B0C67400243E32 /* Views */ = {
			isa = PBXGroup;
			children = (
				80D3C1F629B0C31600C3B171 /* Cells */,
			);
			path = Views;
			sourceTree = "<group>";
		};
		80C5985D29ABF987007D1518 = {
			isa = PBXGroup;
			children = (
				80C5988229ABFCD7007D1518 /* README.md */,
				80C5986829ABF987007D1518 /* ChefsChoice */,
				80C5986729ABF987007D1518 /* Products */,
				28C5C5E729ADF0F400AAE23B /* Frameworks */,
			);
			sourceTree = "<group>";
		};
		80C5986729ABF987007D1518 /* Products */ = {
			isa = PBXGroup;
			children = (
				80C5986629ABF987007D1518 /* ChefsChoice.app */,
			);
			name = Products;
			sourceTree = "<group>";
		};
		80C5986829ABF987007D1518 /* ChefsChoice */ = {
			isa = PBXGroup;
			children = (
				80C5987D29ABFA60007D1518 /* App */,
				2875FF4429B0996D0082D183 /* Models */,
				2875FF4129B0995D0082D183 /* API Client */,
				80682F4329AD00AE00640388 /* Modules */,
				80C5987E29ABFA76007D1518 /* Resources */,
			);
			path = ChefsChoice;
			sourceTree = "<group>";
		};
		80C5987D29ABFA60007D1518 /* App */ = {
			isa = PBXGroup;
			children = (
				80C5986929ABF987007D1518 /* AppDelegate.swift */,
				80C5987429ABF988007D1518 /* LaunchScreen.storyboard */,
			);
			path = App;
			sourceTree = "<group>";
		};
		80C5987E29ABFA76007D1518 /* Resources */ = {
			isa = PBXGroup;
			children = (
				80C5987229ABF988007D1518 /* Assets.xcassets */,
				80C5987729ABF988007D1518 /* Info.plist */,
				28C5C60D29ADF76100AAE23B /* ChefsChoice.xcdatamodeld */,
			);
			path = Resources;
			sourceTree = "<group>";
		};
		80C5987F29ABFABC007D1518 /* MainTabBarModule */ = {
			isa = PBXGroup;
			children = (
				80C5986D29ABF987007D1518 /* MainTabBarController.swift */,
			);
			path = MainTabBarModule;
			sourceTree = "<group>";
		};
		80D3C1F629B0C31600C3B171 /* Cells */ = {
			isa = PBXGroup;
			children = (
				80D3C1F729B0C31600C3B171 /* CategoryCollectionViewCell.swift */,
				80D3C1F829B0C31600C3B171 /* RandomCollectionViewCell.swift */,
				80D3C1F929B0C31600C3B171 /* PopularCollectionViewCell.swift */,
				80D3C1FA29B0C31600C3B171 /* HeaderSupplementaryView.swift */,
			);
			path = Cells;
			sourceTree = "<group>";
		};
/* End PBXGroup section */

/* Begin PBXNativeTarget section */
		80C5986529ABF987007D1518 /* ChefsChoice */ = {
			isa = PBXNativeTarget;
			buildConfigurationList = 80C5987A29ABF988007D1518 /* Build configuration list for PBXNativeTarget "ChefsChoice" */;
			buildPhases = (
				80C5986229ABF987007D1518 /* Sources */,
				80C5986329ABF987007D1518 /* Frameworks */,
				80C5986429ABF987007D1518 /* Resources */,
			);
			buildRules = (
			);
			dependencies = (
			);
			name = ChefsChoice;
			productName = ChefsChoice;
			productReference = 80C5986629ABF987007D1518 /* ChefsChoice.app */;
			productType = "com.apple.product-type.application";
		};
/* End PBXNativeTarget section */

/* Begin PBXProject section */
		80C5985E29ABF987007D1518 /* Project object */ = {
			isa = PBXProject;
			attributes = {
				BuildIndependentTargetsInParallel = 1;
				LastSwiftUpdateCheck = 1420;
				LastUpgradeCheck = 1420;
				TargetAttributes = {
					80C5986529ABF987007D1518 = {
						CreatedOnToolsVersion = 14.2;
					};
				};
			};
			buildConfigurationList = 80C5986129ABF987007D1518 /* Build configuration list for PBXProject "ChefsChoice" */;
			compatibilityVersion = "Xcode 14.0";
			developmentRegion = en;
			hasScannedForEncodings = 0;
			knownRegions = (
				en,
				Base,
			);
			mainGroup = 80C5985D29ABF987007D1518;
			productRefGroup = 80C5986729ABF987007D1518 /* Products */;
			projectDirPath = "";
			projectRoot = "";
			targets = (
				80C5986529ABF987007D1518 /* ChefsChoice */,
			);
		};
/* End PBXProject section */

/* Begin PBXResourcesBuildPhase section */
		80C5986429ABF987007D1518 /* Resources */ = {
			isa = PBXResourcesBuildPhase;
			buildActionMask = 2147483647;
			files = (
				80C5988329ABFCD7007D1518 /* README.md in Resources */,
				80C5987629ABF988007D1518 /* LaunchScreen.storyboard in Resources */,
				80C5987329ABF988007D1518 /* Assets.xcassets in Resources */,
			);
			runOnlyForDeploymentPostprocessing = 0;
		};
/* End PBXResourcesBuildPhase section */

/* Begin PBXSourcesBuildPhase section */
		80C5986229ABF987007D1518 /* Sources */ = {
			isa = PBXSourcesBuildPhase;
			buildActionMask = 2147483647;
			files = (
				80D3C20129B0C31600C3B171 /* PopularCollectionViewCell.swift in Sources */,
				80C5986E29ABF987007D1518 /* MainTabBarController.swift in Sources */,
				28C5C5E629ADCBD700AAE23B /* CellForFavorite.swift in Sources */,
				806B327329B113FD00B0DF56 /* RecipeTableViewCell.swift in Sources */,
				80D3C20629B0C31600C3B171 /* SectionList.swift in Sources */,
				28C5C60F29ADF76200AAE23B /* ChefsChoice.xcdatamodeld in Sources */,
				28C5C5E329ADC5BA00AAE23B /* FavoriteViewController.swift in Sources */,
				2875FF5229B31B320082D183 /* CoreDataManager.swift in Sources */,
				80D3C20029B0C31600C3B171 /* RandomCollectionViewCell.swift in Sources */,
				806B326D29B10C1000B0DF56 /* OnboardingViewController.swift in Sources */,
				28C5C61529AF6C8A00AAE23B /* RecipeEntity.swift in Sources */,
				2875FF4729B0996D0082D183 /* RecipesData.swift in Sources */,
				80D3C1FF29B0C31600C3B171 /* CategoryCollectionViewCell.swift in Sources */,
				806B326F29B10C2100B0DF56 /* DetailViewController.swift in Sources */,
				80D3C20229B0C31600C3B171 /* HeaderSupplementaryView.swift in Sources */,
				80C5986A29ABF987007D1518 /* AppDelegate.swift in Sources */,
				806B327229B113FD00B0DF56 /* SearchVC.swift in Sources */,
				5230E99029B2191500ED3AFF /* APIManager.swift in Sources */,
				80D3C20529B0C31600C3B171 /* MockData.swift in Sources */,
				2875FF5629B34BBA0082D183 /* FavoriteDetailViewController.swift in Sources */,
				80D3C20429B0C31600C3B171 /* RecipesViewController.swift in Sources */,
				2875FF4829B0996D0082D183 /* RecipeModel.swift in Sources */,
			);
			runOnlyForDeploymentPostprocessing = 0;
		};
/* End PBXSourcesBuildPhase section */

/* Begin PBXVariantGroup section */
		80C5987429ABF988007D1518 /* LaunchScreen.storyboard */ = {
			isa = PBXVariantGroup;
			children = (
				80C5987529ABF988007D1518 /* Base */,
			);
			name = LaunchScreen.storyboard;
			sourceTree = "<group>";
		};
/* End PBXVariantGroup section */

/* Begin XCBuildConfiguration section */
		80C5987829ABF988007D1518 /* Debug */ = {
			isa = XCBuildConfiguration;
			buildSettings = {
				ALWAYS_SEARCH_USER_PATHS = NO;
				CLANG_ANALYZER_NONNULL = YES;
				CLANG_ANALYZER_NUMBER_OBJECT_CONVERSION = YES_AGGRESSIVE;
				CLANG_CXX_LANGUAGE_STANDARD = "gnu++20";
				CLANG_ENABLE_MODULES = YES;
				CLANG_ENABLE_OBJC_ARC = YES;
				CLANG_ENABLE_OBJC_WEAK = YES;
				CLANG_WARN_BLOCK_CAPTURE_AUTORELEASING = YES;
				CLANG_WARN_BOOL_CONVERSION = YES;
				CLANG_WARN_COMMA = YES;
				CLANG_WARN_CONSTANT_CONVERSION = YES;
				CLANG_WARN_DEPRECATED_OBJC_IMPLEMENTATIONS = YES;
				CLANG_WARN_DIRECT_OBJC_ISA_USAGE = YES_ERROR;
				CLANG_WARN_DOCUMENTATION_COMMENTS = YES;
				CLANG_WARN_EMPTY_BODY = YES;
				CLANG_WARN_ENUM_CONVERSION = YES;
				CLANG_WARN_INFINITE_RECURSION = YES;
				CLANG_WARN_INT_CONVERSION = YES;
				CLANG_WARN_NON_LITERAL_NULL_CONVERSION = YES;
				CLANG_WARN_OBJC_IMPLICIT_RETAIN_SELF = YES;
				CLANG_WARN_OBJC_LITERAL_CONVERSION = YES;
				CLANG_WARN_OBJC_ROOT_CLASS = YES_ERROR;
				CLANG_WARN_QUOTED_INCLUDE_IN_FRAMEWORK_HEADER = YES;
				CLANG_WARN_RANGE_LOOP_ANALYSIS = YES;
				CLANG_WARN_STRICT_PROTOTYPES = YES;
				CLANG_WARN_SUSPICIOUS_MOVE = YES;
				CLANG_WARN_UNGUARDED_AVAILABILITY = YES_AGGRESSIVE;
				CLANG_WARN_UNREACHABLE_CODE = YES;
				CLANG_WARN__DUPLICATE_METHOD_MATCH = YES;
				COPY_PHASE_STRIP = NO;
				DEBUG_INFORMATION_FORMAT = dwarf;
				ENABLE_STRICT_OBJC_MSGSEND = YES;
				ENABLE_TESTABILITY = YES;
				GCC_C_LANGUAGE_STANDARD = gnu11;
				GCC_DYNAMIC_NO_PIC = NO;
				GCC_NO_COMMON_BLOCKS = YES;
				GCC_OPTIMIZATION_LEVEL = 0;
				GCC_PREPROCESSOR_DEFINITIONS = (
					"DEBUG=1",
					"$(inherited)",
				);
				GCC_WARN_64_TO_32_BIT_CONVERSION = YES;
				GCC_WARN_ABOUT_RETURN_TYPE = YES_ERROR;
				GCC_WARN_UNDECLARED_SELECTOR = YES;
				GCC_WARN_UNINITIALIZED_AUTOS = YES_AGGRESSIVE;
				GCC_WARN_UNUSED_FUNCTION = YES;
				GCC_WARN_UNUSED_VARIABLE = YES;
				IPHONEOS_DEPLOYMENT_TARGET = 16.2;
				MTL_ENABLE_DEBUG_INFO = INCLUDE_SOURCE;
				MTL_FAST_MATH = YES;
				ONLY_ACTIVE_ARCH = YES;
				SDKROOT = iphoneos;
				SWIFT_ACTIVE_COMPILATION_CONDITIONS = DEBUG;
				SWIFT_OPTIMIZATION_LEVEL = "-Onone";
			};
			name = Debug;
		};
		80C5987929ABF988007D1518 /* Release */ = {
			isa = XCBuildConfiguration;
			buildSettings = {
				ALWAYS_SEARCH_USER_PATHS = NO;
				CLANG_ANALYZER_NONNULL = YES;
				CLANG_ANALYZER_NUMBER_OBJECT_CONVERSION = YES_AGGRESSIVE;
				CLANG_CXX_LANGUAGE_STANDARD = "gnu++20";
				CLANG_ENABLE_MODULES = YES;
				CLANG_ENABLE_OBJC_ARC = YES;
				CLANG_ENABLE_OBJC_WEAK = YES;
				CLANG_WARN_BLOCK_CAPTURE_AUTORELEASING = YES;
				CLANG_WARN_BOOL_CONVERSION = YES;
				CLANG_WARN_COMMA = YES;
				CLANG_WARN_CONSTANT_CONVERSION = YES;
				CLANG_WARN_DEPRECATED_OBJC_IMPLEMENTATIONS = YES;
				CLANG_WARN_DIRECT_OBJC_ISA_USAGE = YES_ERROR;
				CLANG_WARN_DOCUMENTATION_COMMENTS = YES;
				CLANG_WARN_EMPTY_BODY = YES;
				CLANG_WARN_ENUM_CONVERSION = YES;
				CLANG_WARN_INFINITE_RECURSION = YES;
				CLANG_WARN_INT_CONVERSION = YES;
				CLANG_WARN_NON_LITERAL_NULL_CONVERSION = YES;
				CLANG_WARN_OBJC_IMPLICIT_RETAIN_SELF = YES;
				CLANG_WARN_OBJC_LITERAL_CONVERSION = YES;
				CLANG_WARN_OBJC_ROOT_CLASS = YES_ERROR;
				CLANG_WARN_QUOTED_INCLUDE_IN_FRAMEWORK_HEADER = YES;
				CLANG_WARN_RANGE_LOOP_ANALYSIS = YES;
				CLANG_WARN_STRICT_PROTOTYPES = YES;
				CLANG_WARN_SUSPICIOUS_MOVE = YES;
				CLANG_WARN_UNGUARDED_AVAILABILITY = YES_AGGRESSIVE;
				CLANG_WARN_UNREACHABLE_CODE = YES;
				CLANG_WARN__DUPLICATE_METHOD_MATCH = YES;
				COPY_PHASE_STRIP = NO;
				DEBUG_INFORMATION_FORMAT = "dwarf-with-dsym";
				ENABLE_NS_ASSERTIONS = NO;
				ENABLE_STRICT_OBJC_MSGSEND = YES;
				GCC_C_LANGUAGE_STANDARD = gnu11;
				GCC_NO_COMMON_BLOCKS = YES;
				GCC_WARN_64_TO_32_BIT_CONVERSION = YES;
				GCC_WARN_ABOUT_RETURN_TYPE = YES_ERROR;
				GCC_WARN_UNDECLARED_SELECTOR = YES;
				GCC_WARN_UNINITIALIZED_AUTOS = YES_AGGRESSIVE;
				GCC_WARN_UNUSED_FUNCTION = YES;
				GCC_WARN_UNUSED_VARIABLE = YES;
				IPHONEOS_DEPLOYMENT_TARGET = 16.2;
				MTL_ENABLE_DEBUG_INFO = NO;
				MTL_FAST_MATH = YES;
				SDKROOT = iphoneos;
				SWIFT_COMPILATION_MODE = wholemodule;
				SWIFT_OPTIMIZATION_LEVEL = "-O";
				VALIDATE_PRODUCT = YES;
			};
			name = Release;
		};
		80C5987B29ABF988007D1518 /* Debug */ = {
			isa = XCBuildConfiguration;
			buildSettings = {
				ASSETCATALOG_COMPILER_APPICON_NAME = AppIcon;
				ASSETCATALOG_COMPILER_GLOBAL_ACCENT_COLOR_NAME = AccentColor;
				CODE_SIGN_IDENTITY = "Apple Development";
				CODE_SIGN_STYLE = Automatic;
				CURRENT_PROJECT_VERSION = 1;
				DEVELOPMENT_TEAM = "#team5";
				GENERATE_INFOPLIST_FILE = YES;
				INFOPLIST_FILE = ChefsChoice/Resources/Info.plist;
				INFOPLIST_KEY_CFBundleDisplayName = "Chef's Choise";
				INFOPLIST_KEY_UIApplicationSupportsIndirectInputEvents = YES;
				INFOPLIST_KEY_UILaunchStoryboardName = LaunchScreen;
				INFOPLIST_KEY_UISupportedInterfaceOrientations = UIInterfaceOrientationPortrait;
				INFOPLIST_KEY_UISupportedInterfaceOrientations_iPad = "UIInterfaceOrientationLandscapeLeft UIInterfaceOrientationLandscapeRight UIInterfaceOrientationPortrait UIInterfaceOrientationPortraitUpsideDown";
				IPHONEOS_DEPLOYMENT_TARGET = 14.0;
				LD_RUNPATH_SEARCH_PATHS = (
					"$(inherited)",
					"@executable_path/Frameworks",
				);
				MARKETING_VERSION = 1.0;
				PRODUCT_BUNDLE_IDENTIFIER = com.kashchenko.ChefsChoice;
				PRODUCT_NAME = "$(TARGET_NAME)";
				PROVISIONING_PROFILE_SPECIFIER = "";
				SUPPORTED_PLATFORMS = "iphoneos iphonesimulator";
				SUPPORTS_MACCATALYST = NO;
				SUPPORTS_MAC_DESIGNED_FOR_IPHONE_IPAD = NO;
				SWIFT_EMIT_LOC_STRINGS = YES;
				SWIFT_VERSION = 5.0;
				TARGETED_DEVICE_FAMILY = 1;
			};
			name = Debug;
		};
		80C5987C29ABF988007D1518 /* Release */ = {
			isa = XCBuildConfiguration;
			buildSettings = {
				ASSETCATALOG_COMPILER_APPICON_NAME = AppIcon;
				ASSETCATALOG_COMPILER_GLOBAL_ACCENT_COLOR_NAME = AccentColor;
				CODE_SIGN_IDENTITY = "Apple Development";
				CODE_SIGN_STYLE = Automatic;
				CURRENT_PROJECT_VERSION = 1;
				DEVELOPMENT_TEAM = "#team5";
				GENERATE_INFOPLIST_FILE = YES;
				INFOPLIST_FILE = ChefsChoice/Resources/Info.plist;
				INFOPLIST_KEY_CFBundleDisplayName = "Chef's Choise";
				INFOPLIST_KEY_UIApplicationSupportsIndirectInputEvents = YES;
				INFOPLIST_KEY_UILaunchStoryboardName = LaunchScreen;
				INFOPLIST_KEY_UISupportedInterfaceOrientations = UIInterfaceOrientationPortrait;
				INFOPLIST_KEY_UISupportedInterfaceOrientations_iPad = "UIInterfaceOrientationLandscapeLeft UIInterfaceOrientationLandscapeRight UIInterfaceOrientationPortrait UIInterfaceOrientationPortraitUpsideDown";
				IPHONEOS_DEPLOYMENT_TARGET = 14.0;
				LD_RUNPATH_SEARCH_PATHS = (
					"$(inherited)",
					"@executable_path/Frameworks",
				);
				MARKETING_VERSION = 1.0;
				PRODUCT_BUNDLE_IDENTIFIER = com.kashchenko.ChefsChoice;
				PRODUCT_NAME = "$(TARGET_NAME)";
				PROVISIONING_PROFILE_SPECIFIER = "";
				SUPPORTED_PLATFORMS = "iphoneos iphonesimulator";
				SUPPORTS_MACCATALYST = NO;
				SUPPORTS_MAC_DESIGNED_FOR_IPHONE_IPAD = NO;
				SWIFT_EMIT_LOC_STRINGS = YES;
				SWIFT_VERSION = 5.0;
				TARGETED_DEVICE_FAMILY = 1;
			};
			name = Release;
		};
/* End XCBuildConfiguration section */

/* Begin XCConfigurationList section */
		80C5986129ABF987007D1518 /* Build configuration list for PBXProject "ChefsChoice" */ = {
			isa = XCConfigurationList;
			buildConfigurations = (
				80C5987829ABF988007D1518 /* Debug */,
				80C5987929ABF988007D1518 /* Release */,
			);
			defaultConfigurationIsVisible = 0;
			defaultConfigurationName = Release;
		};
		80C5987A29ABF988007D1518 /* Build configuration list for PBXNativeTarget "ChefsChoice" */ = {
			isa = XCConfigurationList;
			buildConfigurations = (
				80C5987B29ABF988007D1518 /* Debug */,
				80C5987C29ABF988007D1518 /* Release */,
			);
			defaultConfigurationIsVisible = 0;
			defaultConfigurationName = Release;
		};
/* End XCConfigurationList section */

/* Begin XCVersionGroup section */
		28C5C60D29ADF76100AAE23B /* ChefsChoice.xcdatamodeld */ = {
			isa = XCVersionGroup;
			children = (
				28C5C60E29ADF76100AAE23B /* ChefsChoice.xcdatamodel */,
			);
			currentVersion = 28C5C60E29ADF76100AAE23B /* ChefsChoice.xcdatamodel */;
			path = ChefsChoice.xcdatamodeld;
			sourceTree = "<group>";
			versionGroupType = wrapper.xcdatamodel;
		};
/* End XCVersionGroup section */
	};
	rootObject = 80C5985E29ABF987007D1518 /* Project object */;
}
